// !$*UTF8*$!
{
	archiveVersion = 1;
	classes = {
	};
	objectVersion = 55;
	objects = {

/* Begin PBXBuildFile section */
		0C7160930B83CD5A8F6CE0D6 /* Pods_FoodTuckTests.framework in Frameworks */ = {isa = PBXBuildFile; fileRef = A6C05C5B524710F3E69DC67F /* Pods_FoodTuckTests.framework */; };
		23C61842278E31B0E8F8971F /* Pods_FoodTuck_FoodTuckUITests.framework in Frameworks */ = {isa = PBXBuildFile; fileRef = B17EB673BAF3AE197C47135E /* Pods_FoodTuck_FoodTuckUITests.framework */; };
		8F2A7644291BC0E20020AA52 /* FoodTuckApp.swift in Sources */ = {isa = PBXBuildFile; fileRef = 8F2A7643291BC0E20020AA52 /* FoodTuckApp.swift */; };
		8F2A7646291BC0E20020AA52 /* ContentView.swift in Sources */ = {isa = PBXBuildFile; fileRef = 8F2A7645291BC0E20020AA52 /* ContentView.swift */; };
		8F2A7648291BC0E40020AA52 /* Assets.xcassets in Resources */ = {isa = PBXBuildFile; fileRef = 8F2A7647291BC0E40020AA52 /* Assets.xcassets */; };
		8F2A764B291BC0E40020AA52 /* Preview Assets.xcassets in Resources */ = {isa = PBXBuildFile; fileRef = 8F2A764A291BC0E40020AA52 /* Preview Assets.xcassets */; };
		8F2A7655291BC0E40020AA52 /* FoodTuckTests.swift in Sources */ = {isa = PBXBuildFile; fileRef = 8F2A7654291BC0E40020AA52 /* FoodTuckTests.swift */; };
		8F2A765F291BC0E40020AA52 /* FoodTuckUITests.swift in Sources */ = {isa = PBXBuildFile; fileRef = 8F2A765E291BC0E40020AA52 /* FoodTuckUITests.swift */; };
		8F2A7661291BC0E40020AA52 /* FoodTuckUITestsLaunchTests.swift in Sources */ = {isa = PBXBuildFile; fileRef = 8F2A7660291BC0E40020AA52 /* FoodTuckUITestsLaunchTests.swift */; };
		8F2A7671291BC1710020AA52 /* Home.swift in Sources */ = {isa = PBXBuildFile; fileRef = 8F2A7670291BC1710020AA52 /* Home.swift */; };
		8F2A7673291BC3860020AA52 /* HomeViewModel.swift in Sources */ = {isa = PBXBuildFile; fileRef = 8F2A7672291BC3860020AA52 /* HomeViewModel.swift */; };
		8F7B1821291D227B00A3D8CE /* Item.swift in Sources */ = {isa = PBXBuildFile; fileRef = 8F7B1820291D227B00A3D8CE /* Item.swift */; };
		8F7B1823291D2FCB00A3D8CE /* ItemView.swift in Sources */ = {isa = PBXBuildFile; fileRef = 8F7B1822291D2FCB00A3D8CE /* ItemView.swift */; };
		8F8EB1B9291C084E003FD2A2 /* Menu.swift in Sources */ = {isa = PBXBuildFile; fileRef = 8F8EB1B8291C084E003FD2A2 /* Menu.swift */; };
		8F8EB1BB291C1E12003FD2A2 /* GoogleService-Info.plist in Resources */ = {isa = PBXBuildFile; fileRef = 8F8EB1BA291C1E12003FD2A2 /* GoogleService-Info.plist */; };
		B7B1B9B3CFC6CEE3ACC2D118 /* Pods_FoodTuck.framework in Frameworks */ = {isa = PBXBuildFile; fileRef = C5A7BD3C6980284872FDE30A /* Pods_FoodTuck.framework */; };
/* End PBXBuildFile section */

/* Begin PBXContainerItemProxy section */
		8F2A7651291BC0E40020AA52 /* PBXContainerItemProxy */ = {
			isa = PBXContainerItemProxy;
			containerPortal = 8F2A7638291BC0E20020AA52 /* Project object */;
			proxyType = 1;
			remoteGlobalIDString = 8F2A763F291BC0E20020AA52;
			remoteInfo = FoodTuck;
		};
		8F2A765B291BC0E40020AA52 /* PBXContainerItemProxy */ = {
			isa = PBXContainerItemProxy;
			containerPortal = 8F2A7638291BC0E20020AA52 /* Project object */;
			proxyType = 1;
			remoteGlobalIDString = 8F2A763F291BC0E20020AA52;
			remoteInfo = FoodTuck;
		};
/* End PBXContainerItemProxy section */

/* Begin PBXFileReference section */
		7760F4098046EECE1D076BE1 /* Pods-FoodTuck.debug.xcconfig */ = {isa = PBXFileReference; includeInIndex = 1; lastKnownFileType = text.xcconfig; name = "Pods-FoodTuck.debug.xcconfig"; path = "Target Support Files/Pods-FoodTuck/Pods-FoodTuck.debug.xcconfig"; sourceTree = "<group>"; };
		7ADB78637917559A7ED2B0F7 /* Pods-FoodTuckTests.release.xcconfig */ = {isa = PBXFileReference; includeInIndex = 1; lastKnownFileType = text.xcconfig; name = "Pods-FoodTuckTests.release.xcconfig"; path = "Target Support Files/Pods-FoodTuckTests/Pods-FoodTuckTests.release.xcconfig"; sourceTree = "<group>"; };
		8636B7249F53D1EBBDF3339D /* Pods-FoodTuck.release.xcconfig */ = {isa = PBXFileReference; includeInIndex = 1; lastKnownFileType = text.xcconfig; name = "Pods-FoodTuck.release.xcconfig"; path = "Target Support Files/Pods-FoodTuck/Pods-FoodTuck.release.xcconfig"; sourceTree = "<group>"; };
		8F2A7640291BC0E20020AA52 /* FoodTuck.app */ = {isa = PBXFileReference; explicitFileType = wrapper.application; includeInIndex = 0; path = FoodTuck.app; sourceTree = BUILT_PRODUCTS_DIR; };
		8F2A7643291BC0E20020AA52 /* FoodTuckApp.swift */ = {isa = PBXFileReference; lastKnownFileType = sourcecode.swift; path = FoodTuckApp.swift; sourceTree = "<group>"; };
		8F2A7645291BC0E20020AA52 /* ContentView.swift */ = {isa = PBXFileReference; lastKnownFileType = sourcecode.swift; path = ContentView.swift; sourceTree = "<group>"; };
		8F2A7647291BC0E40020AA52 /* Assets.xcassets */ = {isa = PBXFileReference; lastKnownFileType = folder.assetcatalog; path = Assets.xcassets; sourceTree = "<group>"; };
		8F2A764A291BC0E40020AA52 /* Preview Assets.xcassets */ = {isa = PBXFileReference; lastKnownFileType = folder.assetcatalog; path = "Preview Assets.xcassets"; sourceTree = "<group>"; };
		8F2A7650291BC0E40020AA52 /* FoodTuckTests.xctest */ = {isa = PBXFileReference; explicitFileType = wrapper.cfbundle; includeInIndex = 0; path = FoodTuckTests.xctest; sourceTree = BUILT_PRODUCTS_DIR; };
		8F2A7654291BC0E40020AA52 /* FoodTuckTests.swift */ = {isa = PBXFileReference; lastKnownFileType = sourcecode.swift; path = FoodTuckTests.swift; sourceTree = "<group>"; };
		8F2A765A291BC0E40020AA52 /* FoodTuckUITests.xctest */ = {isa = PBXFileReference; explicitFileType = wrapper.cfbundle; includeInIndex = 0; path = FoodTuckUITests.xctest; sourceTree = BUILT_PRODUCTS_DIR; };
		8F2A765E291BC0E40020AA52 /* FoodTuckUITests.swift */ = {isa = PBXFileReference; lastKnownFileType = sourcecode.swift; path = FoodTuckUITests.swift; sourceTree = "<group>"; };
		8F2A7660291BC0E40020AA52 /* FoodTuckUITestsLaunchTests.swift */ = {isa = PBXFileReference; lastKnownFileType = sourcecode.swift; path = FoodTuckUITestsLaunchTests.swift; sourceTree = "<group>"; };
		8F2A7670291BC1710020AA52 /* Home.swift */ = {isa = PBXFileReference; lastKnownFileType = sourcecode.swift; path = Home.swift; sourceTree = "<group>"; };
		8F2A7672291BC3860020AA52 /* HomeViewModel.swift */ = {isa = PBXFileReference; lastKnownFileType = sourcecode.swift; path = HomeViewModel.swift; sourceTree = "<group>"; };
		8F7B1820291D227B00A3D8CE /* Item.swift */ = {isa = PBXFileReference; lastKnownFileType = sourcecode.swift; path = Item.swift; sourceTree = "<group>"; };
		8F7B1822291D2FCB00A3D8CE /* ItemView.swift */ = {isa = PBXFileReference; lastKnownFileType = sourcecode.swift; path = ItemView.swift; sourceTree = "<group>"; };
		8F8EB1B8291C084E003FD2A2 /* Menu.swift */ = {isa = PBXFileReference; lastKnownFileType = sourcecode.swift; path = Menu.swift; sourceTree = "<group>"; };
		8F8EB1BA291C1E12003FD2A2 /* GoogleService-Info.plist */ = {isa = PBXFileReference; fileEncoding = 4; lastKnownFileType = text.plist.xml; path = "GoogleService-Info.plist"; sourceTree = "<group>"; };
		92C50A06F59B7BF168D2442B /* Pods-FoodTuck-FoodTuckUITests.release.xcconfig */ = {isa = PBXFileReference; includeInIndex = 1; lastKnownFileType = text.xcconfig; name = "Pods-FoodTuck-FoodTuckUITests.release.xcconfig"; path = "Target Support Files/Pods-FoodTuck-FoodTuckUITests/Pods-FoodTuck-FoodTuckUITests.release.xcconfig"; sourceTree = "<group>"; };
		A6C05C5B524710F3E69DC67F /* Pods_FoodTuckTests.framework */ = {isa = PBXFileReference; explicitFileType = wrapper.framework; includeInIndex = 0; path = Pods_FoodTuckTests.framework; sourceTree = BUILT_PRODUCTS_DIR; };
		A9A7DBA80EB9CD919EFDB150 /* Pods-FoodTuck-FoodTuckUITests.debug.xcconfig */ = {isa = PBXFileReference; includeInIndex = 1; lastKnownFileType = text.xcconfig; name = "Pods-FoodTuck-FoodTuckUITests.debug.xcconfig"; path = "Target Support Files/Pods-FoodTuck-FoodTuckUITests/Pods-FoodTuck-FoodTuckUITests.debug.xcconfig"; sourceTree = "<group>"; };
		B17EB673BAF3AE197C47135E /* Pods_FoodTuck_FoodTuckUITests.framework */ = {isa = PBXFileReference; explicitFileType = wrapper.framework; includeInIndex = 0; path = Pods_FoodTuck_FoodTuckUITests.framework; sourceTree = BUILT_PRODUCTS_DIR; };
		C5A7BD3C6980284872FDE30A /* Pods_FoodTuck.framework */ = {isa = PBXFileReference; explicitFileType = wrapper.framework; includeInIndex = 0; path = Pods_FoodTuck.framework; sourceTree = BUILT_PRODUCTS_DIR; };
		D87F80B968BAAD4E7D3E94DE /* Pods-FoodTuckTests.debug.xcconfig */ = {isa = PBXFileReference; includeInIndex = 1; lastKnownFileType = text.xcconfig; name = "Pods-FoodTuckTests.debug.xcconfig"; path = "Target Support Files/Pods-FoodTuckTests/Pods-FoodTuckTests.debug.xcconfig"; sourceTree = "<group>"; };
/* End PBXFileReference section */

/* Begin PBXFrameworksBuildPhase section */
		8F2A763D291BC0E20020AA52 /* Frameworks */ = {
			isa = PBXFrameworksBuildPhase;
			buildActionMask = 2147483647;
			files = (
				B7B1B9B3CFC6CEE3ACC2D118 /* Pods_FoodTuck.framework in Frameworks */,
			);
			runOnlyForDeploymentPostprocessing = 0;
		};
		8F2A764D291BC0E40020AA52 /* Frameworks */ = {
			isa = PBXFrameworksBuildPhase;
			buildActionMask = 2147483647;
			files = (
				0C7160930B83CD5A8F6CE0D6 /* Pods_FoodTuckTests.framework in Frameworks */,
			);
			runOnlyForDeploymentPostprocessing = 0;
		};
		8F2A7657291BC0E40020AA52 /* Frameworks */ = {
			isa = PBXFrameworksBuildPhase;
			buildActionMask = 2147483647;
			files = (
				23C61842278E31B0E8F8971F /* Pods_FoodTuck_FoodTuckUITests.framework in Frameworks */,
			);
			runOnlyForDeploymentPostprocessing = 0;
		};
/* End PBXFrameworksBuildPhase section */

/* Begin PBXGroup section */
		32378B91611A25E2B5C786DB /* Frameworks */ = {
			isa = PBXGroup;
			children = (
				C5A7BD3C6980284872FDE30A /* Pods_FoodTuck.framework */,
				B17EB673BAF3AE197C47135E /* Pods_FoodTuck_FoodTuckUITests.framework */,
				A6C05C5B524710F3E69DC67F /* Pods_FoodTuckTests.framework */,
			);
			name = Frameworks;
			sourceTree = "<group>";
		};
		8F2A7637291BC0E20020AA52 = {
			isa = PBXGroup;
			children = (
				8F2A7642291BC0E20020AA52 /* FoodTuck */,
				8F8EB1BA291C1E12003FD2A2 /* GoogleService-Info.plist */,
				8F2A7653291BC0E40020AA52 /* FoodTuckTests */,
				8F2A765D291BC0E40020AA52 /* FoodTuckUITests */,
				8F2A7641291BC0E20020AA52 /* Products */,
				9ED9319C540ED8EDAF2257E1 /* Pods */,
				32378B91611A25E2B5C786DB /* Frameworks */,
			);
			sourceTree = "<group>";
		};
		8F2A7641291BC0E20020AA52 /* Products */ = {
			isa = PBXGroup;
			children = (
				8F2A7640291BC0E20020AA52 /* FoodTuck.app */,
				8F2A7650291BC0E40020AA52 /* FoodTuckTests.xctest */,
				8F2A765A291BC0E40020AA52 /* FoodTuckUITests.xctest */,
			);
			name = Products;
			sourceTree = "<group>";
		};
		8F2A7642291BC0E20020AA52 /* FoodTuck */ = {
			isa = PBXGroup;
			children = (
				8F2A766F291BC1480020AA52 /* ViewModel */,
				8F2A766E291BC1360020AA52 /* Model */,
				8F2A766D291BC11A0020AA52 /* View */,
				8F2A7643291BC0E20020AA52 /* FoodTuckApp.swift */,
				8F2A7645291BC0E20020AA52 /* ContentView.swift */,
				8F2A7647291BC0E40020AA52 /* Assets.xcassets */,
				8F2A7649291BC0E40020AA52 /* Preview Content */,
			);
			path = FoodTuck;
			sourceTree = "<group>";
		};
		8F2A7649291BC0E40020AA52 /* Preview Content */ = {
			isa = PBXGroup;
			children = (
				8F2A764A291BC0E40020AA52 /* Preview Assets.xcassets */,
			);
			path = "Preview Content";
			sourceTree = "<group>";
		};
		8F2A7653291BC0E40020AA52 /* FoodTuckTests */ = {
			isa = PBXGroup;
			children = (
				8F2A7654291BC0E40020AA52 /* FoodTuckTests.swift */,
			);
			path = FoodTuckTests;
			sourceTree = "<group>";
		};
		8F2A765D291BC0E40020AA52 /* FoodTuckUITests */ = {
			isa = PBXGroup;
			children = (
				8F2A765E291BC0E40020AA52 /* FoodTuckUITests.swift */,
				8F2A7660291BC0E40020AA52 /* FoodTuckUITestsLaunchTests.swift */,
			);
			path = FoodTuckUITests;
			sourceTree = "<group>";
		};
		8F2A766D291BC11A0020AA52 /* View */ = {
			isa = PBXGroup;
			children = (
				8F2A7670291BC1710020AA52 /* Home.swift */,
				8F8EB1B8291C084E003FD2A2 /* Menu.swift */,
				8F7B1822291D2FCB00A3D8CE /* ItemView.swift */,
			);
			path = View;
			sourceTree = "<group>";
		};
		8F2A766E291BC1360020AA52 /* Model */ = {
			isa = PBXGroup;
			children = (
				8F7B1820291D227B00A3D8CE /* Item.swift */,
			);
			path = Model;
			sourceTree = "<group>";
		};
		8F2A766F291BC1480020AA52 /* ViewModel */ = {
			isa = PBXGroup;
			children = (
				8F2A7672291BC3860020AA52 /* HomeViewModel.swift */,
			);
			path = ViewModel;
			sourceTree = "<group>";
		};
		9ED9319C540ED8EDAF2257E1 /* Pods */ = {
			isa = PBXGroup;
			children = (
				7760F4098046EECE1D076BE1 /* Pods-FoodTuck.debug.xcconfig */,
				8636B7249F53D1EBBDF3339D /* Pods-FoodTuck.release.xcconfig */,
				A9A7DBA80EB9CD919EFDB150 /* Pods-FoodTuck-FoodTuckUITests.debug.xcconfig */,
				92C50A06F59B7BF168D2442B /* Pods-FoodTuck-FoodTuckUITests.release.xcconfig */,
				D87F80B968BAAD4E7D3E94DE /* Pods-FoodTuckTests.debug.xcconfig */,
				7ADB78637917559A7ED2B0F7 /* Pods-FoodTuckTests.release.xcconfig */,
			);
			path = Pods;
			sourceTree = "<group>";
		};
/* End PBXGroup section */

/* Begin PBXNativeTarget section */
		8F2A763F291BC0E20020AA52 /* FoodTuck */ = {
			isa = PBXNativeTarget;
			buildConfigurationList = 8F2A7664291BC0E40020AA52 /* Build configuration list for PBXNativeTarget "FoodTuck" */;
			buildPhases = (
				645B8679DCBA6FD37F0B2BA7 /* [CP] Check Pods Manifest.lock */,
				8F2A763C291BC0E20020AA52 /* Sources */,
				8F2A763D291BC0E20020AA52 /* Frameworks */,
				8F2A763E291BC0E20020AA52 /* Resources */,
				26BC2CAB429ECB72DC7D1FD7 /* [CP] Embed Pods Frameworks */,
			);
			buildRules = (
			);
			dependencies = (
			);
			name = FoodTuck;
			productName = FoodTuck;
			productReference = 8F2A7640291BC0E20020AA52 /* FoodTuck.app */;
			productType = "com.apple.product-type.application";
		};
		8F2A764F291BC0E40020AA52 /* FoodTuckTests */ = {
			isa = PBXNativeTarget;
			buildConfigurationList = 8F2A7667291BC0E40020AA52 /* Build configuration list for PBXNativeTarget "FoodTuckTests" */;
			buildPhases = (
				2DD7CBD84859731E9B2FC692 /* [CP] Check Pods Manifest.lock */,
				8F2A764C291BC0E40020AA52 /* Sources */,
				8F2A764D291BC0E40020AA52 /* Frameworks */,
				8F2A764E291BC0E40020AA52 /* Resources */,
			);
			buildRules = (
			);
			dependencies = (
				8F2A7652291BC0E40020AA52 /* PBXTargetDependency */,
			);
			name = FoodTuckTests;
			productName = FoodTuckTests;
			productReference = 8F2A7650291BC0E40020AA52 /* FoodTuckTests.xctest */;
			productType = "com.apple.product-type.bundle.unit-test";
		};
		8F2A7659291BC0E40020AA52 /* FoodTuckUITests */ = {
			isa = PBXNativeTarget;
			buildConfigurationList = 8F2A766A291BC0E40020AA52 /* Build configuration list for PBXNativeTarget "FoodTuckUITests" */;
			buildPhases = (
				AB733336328C53A2D08E7937 /* [CP] Check Pods Manifest.lock */,
				8F2A7656291BC0E40020AA52 /* Sources */,
				8F2A7657291BC0E40020AA52 /* Frameworks */,
				8F2A7658291BC0E40020AA52 /* Resources */,
				C1528495E7D9AB111CD67216 /* [CP] Embed Pods Frameworks */,
			);
			buildRules = (
			);
			dependencies = (
				8F2A765C291BC0E40020AA52 /* PBXTargetDependency */,
			);
			name = FoodTuckUITests;
			productName = FoodTuckUITests;
			productReference = 8F2A765A291BC0E40020AA52 /* FoodTuckUITests.xctest */;
			productType = "com.apple.product-type.bundle.ui-testing";
		};
/* End PBXNativeTarget section */

/* Begin PBXProject section */
		8F2A7638291BC0E20020AA52 /* Project object */ = {
			isa = PBXProject;
			attributes = {
				BuildIndependentTargetsInParallel = 1;
				LastSwiftUpdateCheck = 1410;
				LastUpgradeCheck = 1410;
				TargetAttributes = {
					8F2A763F291BC0E20020AA52 = {
						CreatedOnToolsVersion = 14.1;
					};
					8F2A764F291BC0E40020AA52 = {
						CreatedOnToolsVersion = 14.1;
						TestTargetID = 8F2A763F291BC0E20020AA52;
					};
					8F2A7659291BC0E40020AA52 = {
						CreatedOnToolsVersion = 14.1;
						TestTargetID = 8F2A763F291BC0E20020AA52;
					};
				};
			};
			buildConfigurationList = 8F2A763B291BC0E20020AA52 /* Build configuration list for PBXProject "FoodTuck" */;
			compatibilityVersion = "Xcode 13.0";
			developmentRegion = en;
			hasScannedForEncodings = 0;
			knownRegions = (
				en,
				Base,
			);
			mainGroup = 8F2A7637291BC0E20020AA52;
			productRefGroup = 8F2A7641291BC0E20020AA52 /* Products */;
			projectDirPath = "";
			projectRoot = "";
			targets = (
				8F2A763F291BC0E20020AA52 /* FoodTuck */,
				8F2A764F291BC0E40020AA52 /* FoodTuckTests */,
				8F2A7659291BC0E40020AA52 /* FoodTuckUITests */,
			);
		};
/* End PBXProject section */

/* Begin PBXResourcesBuildPhase section */
		8F2A763E291BC0E20020AA52 /* Resources */ = {
			isa = PBXResourcesBuildPhase;
			buildActionMask = 2147483647;
			files = (
				8F2A764B291BC0E40020AA52 /* Preview Assets.xcassets in Resources */,
				8F2A7648291BC0E40020AA52 /* Assets.xcassets in Resources */,
				8F8EB1BB291C1E12003FD2A2 /* GoogleService-Info.plist in Resources */,
			);
			runOnlyForDeploymentPostprocessing = 0;
		};
		8F2A764E291BC0E40020AA52 /* Resources */ = {
			isa = PBXResourcesBuildPhase;
			buildActionMask = 2147483647;
			files = (
			);
			runOnlyForDeploymentPostprocessing = 0;
		};
		8F2A7658291BC0E40020AA52 /* Resources */ = {
			isa = PBXResourcesBuildPhase;
			buildActionMask = 2147483647;
			files = (
			);
			runOnlyForDeploymentPostprocessing = 0;
		};
/* End PBXResourcesBuildPhase section */

/* Begin PBXShellScriptBuildPhase section */
		26BC2CAB429ECB72DC7D1FD7 /* [CP] Embed Pods Frameworks */ = {
			isa = PBXShellScriptBuildPhase;
			buildActionMask = 2147483647;
			files = (
			);
			inputFileListPaths = (
				"${PODS_ROOT}/Target Support Files/Pods-FoodTuck/Pods-FoodTuck-frameworks-${CONFIGURATION}-input-files.xcfilelist",
			);
			name = "[CP] Embed Pods Frameworks";
			outputFileListPaths = (
				"${PODS_ROOT}/Target Support Files/Pods-FoodTuck/Pods-FoodTuck-frameworks-${CONFIGURATION}-output-files.xcfilelist",
			);
			runOnlyForDeploymentPostprocessing = 0;
			shellPath = /bin/sh;
			shellScript = "\"${PODS_ROOT}/Target Support Files/Pods-FoodTuck/Pods-FoodTuck-frameworks.sh\"\n";
			showEnvVarsInLog = 0;
		};
		2DD7CBD84859731E9B2FC692 /* [CP] Check Pods Manifest.lock */ = {
			isa = PBXShellScriptBuildPhase;
			buildActionMask = 2147483647;
			files = (
			);
			inputFileListPaths = (
			);
			inputPaths = (
				"${PODS_PODFILE_DIR_PATH}/Podfile.lock",
				"${PODS_ROOT}/Manifest.lock",
			);
			name = "[CP] Check Pods Manifest.lock";
			outputFileListPaths = (
			);
			outputPaths = (
				"$(DERIVED_FILE_DIR)/Pods-FoodTuckTests-checkManifestLockResult.txt",
			);
			runOnlyForDeploymentPostprocessing = 0;
			shellPath = /bin/sh;
			shellScript = "diff \"${PODS_PODFILE_DIR_PATH}/Podfile.lock\" \"${PODS_ROOT}/Manifest.lock\" > /dev/null\nif [ $? != 0 ] ; then\n    # print error to STDERR\n    echo \"error: The sandbox is not in sync with the Podfile.lock. Run 'pod install' or update your CocoaPods installation.\" >&2\n    exit 1\nfi\n# This output is used by Xcode 'outputs' to avoid re-running this script phase.\necho \"SUCCESS\" > \"${SCRIPT_OUTPUT_FILE_0}\"\n";
			showEnvVarsInLog = 0;
		};
		645B8679DCBA6FD37F0B2BA7 /* [CP] Check Pods Manifest.lock */ = {
			isa = PBXShellScriptBuildPhase;
			buildActionMask = 2147483647;
			files = (
			);
			inputFileListPaths = (
			);
			inputPaths = (
				"${PODS_PODFILE_DIR_PATH}/Podfile.lock",
				"${PODS_ROOT}/Manifest.lock",
			);
			name = "[CP] Check Pods Manifest.lock";
			outputFileListPaths = (
			);
			outputPaths = (
				"$(DERIVED_FILE_DIR)/Pods-FoodTuck-checkManifestLockResult.txt",
			);
			runOnlyForDeploymentPostprocessing = 0;
			shellPath = /bin/sh;
			shellScript = "diff \"${PODS_PODFILE_DIR_PATH}/Podfile.lock\" \"${PODS_ROOT}/Manifest.lock\" > /dev/null\nif [ $? != 0 ] ; then\n    # print error to STDERR\n    echo \"error: The sandbox is not in sync with the Podfile.lock. Run 'pod install' or update your CocoaPods installation.\" >&2\n    exit 1\nfi\n# This output is used by Xcode 'outputs' to avoid re-running this script phase.\necho \"SUCCESS\" > \"${SCRIPT_OUTPUT_FILE_0}\"\n";
			showEnvVarsInLog = 0;
		};
		AB733336328C53A2D08E7937 /* [CP] Check Pods Manifest.lock */ = {
			isa = PBXShellScriptBuildPhase;
			buildActionMask = 2147483647;
			files = (
			);
			inputFileListPaths = (
			);
			inputPaths = (
				"${PODS_PODFILE_DIR_PATH}/Podfile.lock",
				"${PODS_ROOT}/Manifest.lock",
			);
			name = "[CP] Check Pods Manifest.lock";
			outputFileListPaths = (
			);
			outputPaths = (
				"$(DERIVED_FILE_DIR)/Pods-FoodTuck-FoodTuckUITests-checkManifestLockResult.txt",
			);
			runOnlyForDeploymentPostprocessing = 0;
			shellPath = /bin/sh;
			shellScript = "diff \"${PODS_PODFILE_DIR_PATH}/Podfile.lock\" \"${PODS_ROOT}/Manifest.lock\" > /dev/null\nif [ $? != 0 ] ; then\n    # print error to STDERR\n    echo \"error: The sandbox is not in sync with the Podfile.lock. Run 'pod install' or update your CocoaPods installation.\" >&2\n    exit 1\nfi\n# This output is used by Xcode 'outputs' to avoid re-running this script phase.\necho \"SUCCESS\" > \"${SCRIPT_OUTPUT_FILE_0}\"\n";
			showEnvVarsInLog = 0;
		};
		C1528495E7D9AB111CD67216 /* [CP] Embed Pods Frameworks */ = {
			isa = PBXShellScriptBuildPhase;
			buildActionMask = 2147483647;
			files = (
			);
			inputFileListPaths = (
				"${PODS_ROOT}/Target Support Files/Pods-FoodTuck-FoodTuckUITests/Pods-FoodTuck-FoodTuckUITests-frameworks-${CONFIGURATION}-input-files.xcfilelist",
			);
			name = "[CP] Embed Pods Frameworks";
			outputFileListPaths = (
				"${PODS_ROOT}/Target Support Files/Pods-FoodTuck-FoodTuckUITests/Pods-FoodTuck-FoodTuckUITests-frameworks-${CONFIGURATION}-output-files.xcfilelist",
			);
			runOnlyForDeploymentPostprocessing = 0;
			shellPath = /bin/sh;
			shellScript = "\"${PODS_ROOT}/Target Support Files/Pods-FoodTuck-FoodTuckUITests/Pods-FoodTuck-FoodTuckUITests-frameworks.sh\"\n";
			showEnvVarsInLog = 0;
		};
/* End PBXShellScriptBuildPhase section */

/* Begin PBXSourcesBuildPhase section */
		8F2A763C291BC0E20020AA52 /* Sources */ = {
			isa = PBXSourcesBuildPhase;
			buildActionMask = 2147483647;
			files = (
				8F2A7646291BC0E20020AA52 /* ContentView.swift in Sources */,
				8F2A7671291BC1710020AA52 /* Home.swift in Sources */,
				8F2A7644291BC0E20020AA52 /* FoodTuckApp.swift in Sources */,
				8F2A7673291BC3860020AA52 /* HomeViewModel.swift in Sources */,
				8F7B1823291D2FCB00A3D8CE /* ItemView.swift in Sources */,
				8F7B1821291D227B00A3D8CE /* Item.swift in Sources */,
				8F8EB1B9291C084E003FD2A2 /* Menu.swift in Sources */,
			);
			runOnlyForDeploymentPostprocessing = 0;
		};
		8F2A764C291BC0E40020AA52 /* Sources */ = {
			isa = PBXSourcesBuildPhase;
			buildActionMask = 2147483647;
			files = (
				8F2A7655291BC0E40020AA52 /* FoodTuckTests.swift in Sources */,
			);
			runOnlyForDeploymentPostprocessing = 0;
		};
		8F2A7656291BC0E40020AA52 /* Sources */ = {
			isa = PBXSourcesBuildPhase;
			buildActionMask = 2147483647;
			files = (
				8F2A7661291BC0E40020AA52 /* FoodTuckUITestsLaunchTests.swift in Sources */,
				8F2A765F291BC0E40020AA52 /* FoodTuckUITests.swift in Sources */,
			);
			runOnlyForDeploymentPostprocessing = 0;
		};
/* End PBXSourcesBuildPhase section */

/* Begin PBXTargetDependency section */
		8F2A7652291BC0E40020AA52 /* PBXTargetDependency */ = {
			isa = PBXTargetDependency;
			target = 8F2A763F291BC0E20020AA52 /* FoodTuck */;
			targetProxy = 8F2A7651291BC0E40020AA52 /* PBXContainerItemProxy */;
		};
		8F2A765C291BC0E40020AA52 /* PBXTargetDependency */ = {
			isa = PBXTargetDependency;
			target = 8F2A763F291BC0E20020AA52 /* FoodTuck */;
			targetProxy = 8F2A765B291BC0E40020AA52 /* PBXContainerItemProxy */;
		};
/* End PBXTargetDependency section */

/* Begin XCBuildConfiguration section */
		8F2A7662291BC0E40020AA52 /* Debug */ = {
			isa = XCBuildConfiguration;
			buildSettings = {
				ALWAYS_SEARCH_USER_PATHS = NO;
				CLANG_ANALYZER_NONNULL = YES;
				CLANG_ANALYZER_NUMBER_OBJECT_CONVERSION = YES_AGGRESSIVE;
				CLANG_CXX_LANGUAGE_STANDARD = "gnu++20";
				CLANG_ENABLE_MODULES = YES;
				CLANG_ENABLE_OBJC_ARC = YES;
				CLANG_ENABLE_OBJC_WEAK = YES;
				CLANG_WARN_BLOCK_CAPTURE_AUTORELEASING = YES;
				CLANG_WARN_BOOL_CONVERSION = YES;
				CLANG_WARN_COMMA = YES;
				CLANG_WARN_CONSTANT_CONVERSION = YES;
				CLANG_WARN_DEPRECATED_OBJC_IMPLEMENTATIONS = YES;
				CLANG_WARN_DIRECT_OBJC_ISA_USAGE = YES_ERROR;
				CLANG_WARN_DOCUMENTATION_COMMENTS = YES;
				CLANG_WARN_EMPTY_BODY = YES;
				CLANG_WARN_ENUM_CONVERSION = YES;
				CLANG_WARN_INFINITE_RECURSION = YES;
				CLANG_WARN_INT_CONVERSION = YES;
				CLANG_WARN_NON_LITERAL_NULL_CONVERSION = YES;
				CLANG_WARN_OBJC_IMPLICIT_RETAIN_SELF = YES;
				CLANG_WARN_OBJC_LITERAL_CONVERSION = YES;
				CLANG_WARN_OBJC_ROOT_CLASS = YES_ERROR;
				CLANG_WARN_QUOTED_INCLUDE_IN_FRAMEWORK_HEADER = YES;
				CLANG_WARN_RANGE_LOOP_ANALYSIS = YES;
				CLANG_WARN_STRICT_PROTOTYPES = YES;
				CLANG_WARN_SUSPICIOUS_MOVE = YES;
				CLANG_WARN_UNGUARDED_AVAILABILITY = YES_AGGRESSIVE;
				CLANG_WARN_UNREACHABLE_CODE = YES;
				CLANG_WARN__DUPLICATE_METHOD_MATCH = YES;
				COPY_PHASE_STRIP = NO;
				DEBUG_INFORMATION_FORMAT = dwarf;
				ENABLE_STRICT_OBJC_MSGSEND = YES;
				ENABLE_TESTABILITY = YES;
				GCC_C_LANGUAGE_STANDARD = gnu11;
				GCC_DYNAMIC_NO_PIC = NO;
				GCC_NO_COMMON_BLOCKS = YES;
				GCC_OPTIMIZATION_LEVEL = 0;
				GCC_PREPROCESSOR_DEFINITIONS = (
					"DEBUG=1",
					"$(inherited)",
				);
				GCC_WARN_64_TO_32_BIT_CONVERSION = YES;
				GCC_WARN_ABOUT_RETURN_TYPE = YES_ERROR;
				GCC_WARN_UNDECLARED_SELECTOR = YES;
				GCC_WARN_UNINITIALIZED_AUTOS = YES_AGGRESSIVE;
				GCC_WARN_UNUSED_FUNCTION = YES;
				GCC_WARN_UNUSED_VARIABLE = YES;
				IPHONEOS_DEPLOYMENT_TARGET = 16.1;
				MTL_ENABLE_DEBUG_INFO = INCLUDE_SOURCE;
				MTL_FAST_MATH = YES;
				ONLY_ACTIVE_ARCH = YES;
				SDKROOT = iphoneos;
				SWIFT_ACTIVE_COMPILATION_CONDITIONS = DEBUG;
				SWIFT_OPTIMIZATION_LEVEL = "-Onone";
			};
			name = Debug;
		};
		8F2A7663291BC0E40020AA52 /* Release */ = {
			isa = XCBuildConfiguration;
			buildSettings = {
				ALWAYS_SEARCH_USER_PATHS = NO;
				CLANG_ANALYZER_NONNULL = YES;
				CLANG_ANALYZER_NUMBER_OBJECT_CONVERSION = YES_AGGRESSIVE;
				CLANG_CXX_LANGUAGE_STANDARD = "gnu++20";
				CLANG_ENABLE_MODULES = YES;
				CLANG_ENABLE_OBJC_ARC = YES;
				CLANG_ENABLE_OBJC_WEAK = YES;
				CLANG_WARN_BLOCK_CAPTURE_AUTORELEASING = YES;
				CLANG_WARN_BOOL_CONVERSION = YES;
				CLANG_WARN_COMMA = YES;
				CLANG_WARN_CONSTANT_CONVERSION = YES;
				CLANG_WARN_DEPRECATED_OBJC_IMPLEMENTATIONS = YES;
				CLANG_WARN_DIRECT_OBJC_ISA_USAGE = YES_ERROR;
				CLANG_WARN_DOCUMENTATION_COMMENTS = YES;
				CLANG_WARN_EMPTY_BODY = YES;
				CLANG_WARN_ENUM_CONVERSION = YES;
				CLANG_WARN_INFINITE_RECURSION = YES;
				CLANG_WARN_INT_CONVERSION = YES;
				CLANG_WARN_NON_LITERAL_NULL_CONVERSION = YES;
				CLANG_WARN_OBJC_IMPLICIT_RETAIN_SELF = YES;
				CLANG_WARN_OBJC_LITERAL_CONVERSION = YES;
				CLANG_WARN_OBJC_ROOT_CLASS = YES_ERROR;
				CLANG_WARN_QUOTED_INCLUDE_IN_FRAMEWORK_HEADER = YES;
				CLANG_WARN_RANGE_LOOP_ANALYSIS = YES;
				CLANG_WARN_STRICT_PROTOTYPES = YES;
				CLANG_WARN_SUSPICIOUS_MOVE = YES;
				CLANG_WARN_UNGUARDED_AVAILABILITY = YES_AGGRESSIVE;
				CLANG_WARN_UNREACHABLE_CODE = YES;
				CLANG_WARN__DUPLICATE_METHOD_MATCH = YES;
				COPY_PHASE_STRIP = NO;
				DEBUG_INFORMATION_FORMAT = "dwarf-with-dsym";
				ENABLE_NS_ASSERTIONS = NO;
				ENABLE_STRICT_OBJC_MSGSEND = YES;
				GCC_C_LANGUAGE_STANDARD = gnu11;
				GCC_NO_COMMON_BLOCKS = YES;
				GCC_WARN_64_TO_32_BIT_CONVERSION = YES;
				GCC_WARN_ABOUT_RETURN_TYPE = YES_ERROR;
				GCC_WARN_UNDECLARED_SELECTOR = YES;
				GCC_WARN_UNINITIALIZED_AUTOS = YES_AGGRESSIVE;
				GCC_WARN_UNUSED_FUNCTION = YES;
				GCC_WARN_UNUSED_VARIABLE = YES;
				IPHONEOS_DEPLOYMENT_TARGET = 16.1;
				MTL_ENABLE_DEBUG_INFO = NO;
				MTL_FAST_MATH = YES;
				SDKROOT = iphoneos;
				SWIFT_COMPILATION_MODE = wholemodule;
				SWIFT_OPTIMIZATION_LEVEL = "-O";
				VALIDATE_PRODUCT = YES;
			};
			name = Release;
		};
		8F2A7665291BC0E40020AA52 /* Debug */ = {
			isa = XCBuildConfiguration;
			baseConfigurationReference = 7760F4098046EECE1D076BE1 /* Pods-FoodTuck.debug.xcconfig */;
			buildSettings = {
				ASSETCATALOG_COMPILER_APPICON_NAME = AppIcon;
				ASSETCATALOG_COMPILER_GLOBAL_ACCENT_COLOR_NAME = AccentColor;
				CODE_SIGN_STYLE = Automatic;
				CURRENT_PROJECT_VERSION = 1;
				DEVELOPMENT_ASSET_PATHS = "\"FoodTuck/Preview Content\"";
				ENABLE_PREVIEWS = YES;
				GENERATE_INFOPLIST_FILE = YES;
				INFOPLIST_KEY_NSLocationAlwaysAndWhenInUseUsageDescription = "Please Allow to read location for Delivery";
				INFOPLIST_KEY_NSLocationWhenInUseUsageDescription = "Please Allow to read location for Delivery";
				INFOPLIST_KEY_UIApplicationSceneManifest_Generation = YES;
				INFOPLIST_KEY_UIApplicationSupportsIndirectInputEvents = YES;
				INFOPLIST_KEY_UILaunchScreen_Generation = YES;
				INFOPLIST_KEY_UISupportedInterfaceOrientations_iPad = "UIInterfaceOrientationPortrait UIInterfaceOrientationPortraitUpsideDown UIInterfaceOrientationLandscapeLeft UIInterfaceOrientationLandscapeRight";
				INFOPLIST_KEY_UISupportedInterfaceOrientations_iPhone = "UIInterfaceOrientationPortrait UIInterfaceOrientationLandscapeLeft UIInterfaceOrientationLandscapeRight";
				LD_RUNPATH_SEARCH_PATHS = (
					"$(inherited)",
					"@executable_path/Frameworks",
				);
				MARKETING_VERSION = 1.0;
				PRODUCT_BUNDLE_IDENTIFIER = com.lebonbauma.dev.FoodTuck;
				PRODUCT_NAME = "$(TARGET_NAME)";
				SWIFT_EMIT_LOC_STRINGS = YES;
				SWIFT_VERSION = 5.0;
				TARGETED_DEVICE_FAMILY = "1,2";
			};
			name = Debug;
		};
		8F2A7666291BC0E40020AA52 /* Release */ = {
			isa = XCBuildConfiguration;
			baseConfigurationReference = 8636B7249F53D1EBBDF3339D /* Pods-FoodTuck.release.xcconfig */;
			buildSettings = {
				ASSETCATALOG_COMPILER_APPICON_NAME = AppIcon;
				ASSETCATALOG_COMPILER_GLOBAL_ACCENT_COLOR_NAME = AccentColor;
				CODE_SIGN_STYLE = Automatic;
				CURRENT_PROJECT_VERSION = 1;
				DEVELOPMENT_ASSET_PATHS = "\"FoodTuck/Preview Content\"";
				ENABLE_PREVIEWS = YES;
				GENERATE_INFOPLIST_FILE = YES;
				INFOPLIST_KEY_NSLocationAlwaysAndWhenInUseUsageDescription = "Please Allow to read location for Delivery";
				INFOPLIST_KEY_NSLocationWhenInUseUsageDescription = "Please Allow to read location for Delivery";
				INFOPLIST_KEY_UIApplicationSceneManifest_Generation = YES;
				INFOPLIST_KEY_UIApplicationSupportsIndirectInputEvents = YES;
				INFOPLIST_KEY_UILaunchScreen_Generation = YES;
				INFOPLIST_KEY_UISupportedInterfaceOrientations_iPad = "UIInterfaceOrientationPortrait UIInterfaceOrientationPortraitUpsideDown UIInterfaceOrientationLandscapeLeft UIInterfaceOrientationLandscapeRight";
				INFOPLIST_KEY_UISupportedInterfaceOrientations_iPhone = "UIInterfaceOrientationPortrait UIInterfaceOrientationLandscapeLeft UIInterfaceOrientationLandscapeRight";
				LD_RUNPATH_SEARCH_PATHS = (
					"$(inherited)",
					"@executable_path/Frameworks",
				);
				MARKETING_VERSION = 1.0;
				PRODUCT_BUNDLE_IDENTIFIER = com.lebonbauma.dev.FoodTuck;
				PRODUCT_NAME = "$(TARGET_NAME)";
				SWIFT_EMIT_LOC_STRINGS = YES;
				SWIFT_VERSION = 5.0;
				TARGETED_DEVICE_FAMILY = "1,2";
			};
			name = Release;
		};
		8F2A7668291BC0E40020AA52 /* Debug */ = {
			isa = XCBuildConfiguration;
			baseConfigurationReference = D87F80B968BAAD4E7D3E94DE /* Pods-FoodTuckTests.debug.xcconfig */;
			buildSettings = {
				ALWAYS_EMBED_SWIFT_STANDARD_LIBRARIES = YES;
				BUNDLE_LOADER = "$(TEST_HOST)";
				CODE_SIGN_STYLE = Automatic;
				CURRENT_PROJECT_VERSION = 1;
				GENERATE_INFOPLIST_FILE = YES;
				IPHONEOS_DEPLOYMENT_TARGET = 16.1;
				MARKETING_VERSION = 1.0;
				PRODUCT_BUNDLE_IDENTIFIER = com.lebonbauma.dev.FoodTuckTests;
				PRODUCT_NAME = "$(TARGET_NAME)";
				SWIFT_EMIT_LOC_STRINGS = NO;
				SWIFT_VERSION = 5.0;
				TARGETED_DEVICE_FAMILY = "1,2";
				TEST_HOST = "$(BUILT_PRODUCTS_DIR)/FoodTuck.app/$(BUNDLE_EXECUTABLE_FOLDER_PATH)/FoodTuck";
			};
			name = Debug;
		};
		8F2A7669291BC0E40020AA52 /* Release */ = {
			isa = XCBuildConfiguration;
			baseConfigurationReference = 7ADB78637917559A7ED2B0F7 /* Pods-FoodTuckTests.release.xcconfig */;
			buildSettings = {
				ALWAYS_EMBED_SWIFT_STANDARD_LIBRARIES = YES;
				BUNDLE_LOADER = "$(TEST_HOST)";
				CODE_SIGN_STYLE = Automatic;
				CURRENT_PROJECT_VERSION = 1;
				GENERATE_INFOPLIST_FILE = YES;
				IPHONEOS_DEPLOYMENT_TARGET = 16.1;
				MARKETING_VERSION = 1.0;
				PRODUCT_BUNDLE_IDENTIFIER = com.lebonbauma.dev.FoodTuckTests;
				PRODUCT_NAME = "$(TARGET_NAME)";
				SWIFT_EMIT_LOC_STRINGS = NO;
				SWIFT_VERSION = 5.0;
				TARGETED_DEVICE_FAMILY = "1,2";
				TEST_HOST = "$(BUILT_PRODUCTS_DIR)/FoodTuck.app/$(BUNDLE_EXECUTABLE_FOLDER_PATH)/FoodTuck";
			};
			name = Release;
		};
		8F2A766B291BC0E40020AA52 /* Debug */ = {
			isa = XCBuildConfiguration;
			baseConfigurationReference = A9A7DBA80EB9CD919EFDB150 /* Pods-FoodTuck-FoodTuckUITests.debug.xcconfig */;
			buildSettings = {
				ALWAYS_EMBED_SWIFT_STANDARD_LIBRARIES = YES;
				CODE_SIGN_STYLE = Automatic;
				CURRENT_PROJECT_VERSION = 1;
				GENERATE_INFOPLIST_FILE = YES;
				MARKETING_VERSION = 1.0;
				PRODUCT_BUNDLE_IDENTIFIER = com.lebonbauma.dev.FoodTuckUITests;
				PRODUCT_NAME = "$(TARGET_NAME)";
				SWIFT_EMIT_LOC_STRINGS = NO;
				SWIFT_VERSION = 5.0;
				TARGETED_DEVICE_FAMILY = "1,2";
				TEST_TARGET_NAME = FoodTuck;
			};
			name = Debug;
		};
		8F2A766C291BC0E40020AA52 /* Release */ = {
			isa = XCBuildConfiguration;
			baseConfigurationReference = 92C50A06F59B7BF168D2442B /* Pods-FoodTuck-FoodTuckUITests.release.xcconfig */;
			buildSettings = {
				ALWAYS_EMBED_SWIFT_STANDARD_LIBRARIES = YES;
				CODE_SIGN_STYLE = Automatic;
				CURRENT_PROJECT_VERSION = 1;
				GENERATE_INFOPLIST_FILE = YES;
				MARKETING_VERSION = 1.0;
				PRODUCT_BUNDLE_IDENTIFIER = com.lebonbauma.dev.FoodTuckUITests;
				PRODUCT_NAME = "$(TARGET_NAME)";
				SWIFT_EMIT_LOC_STRINGS = NO;
				SWIFT_VERSION = 5.0;
				TARGETED_DEVICE_FAMILY = "1,2";
				TEST_TARGET_NAME = FoodTuck;
			};
			name = Release;
		};
/* End XCBuildConfiguration section */

/* Begin XCConfigurationList section */
		8F2A763B291BC0E20020AA52 /* Build configuration list for PBXProject "FoodTuck" */ = {
			isa = XCConfigurationList;
			buildConfigurations = (
				8F2A7662291BC0E40020AA52 /* Debug */,
				8F2A7663291BC0E40020AA52 /* Release */,
			);
			defaultConfigurationIsVisible = 0;
			defaultConfigurationName = Release;
		};
		8F2A7664291BC0E40020AA52 /* Build configuration list for PBXNativeTarget "FoodTuck" */ = {
			isa = XCConfigurationList;
			buildConfigurations = (
				8F2A7665291BC0E40020AA52 /* Debug */,
				8F2A7666291BC0E40020AA52 /* Release */,
			);
			defaultConfigurationIsVisible = 0;
			defaultConfigurationName = Release;
		};
		8F2A7667291BC0E40020AA52 /* Build configuration list for PBXNativeTarget "FoodTuckTests" */ = {
			isa = XCConfigurationList;
			buildConfigurations = (
				8F2A7668291BC0E40020AA52 /* Debug */,
				8F2A7669291BC0E40020AA52 /* Release */,
			);
			defaultConfigurationIsVisible = 0;
			defaultConfigurationName = Release;
		};
		8F2A766A291BC0E40020AA52 /* Build configuration list for PBXNativeTarget "FoodTuckUITests" */ = {
			isa = XCConfigurationList;
			buildConfigurations = (
				8F2A766B291BC0E40020AA52 /* Debug */,
				8F2A766C291BC0E40020AA52 /* Release */,
			);
			defaultConfigurationIsVisible = 0;
			defaultConfigurationName = Release;
		};
/* End XCConfigurationList section */
	};
	rootObject = 8F2A7638291BC0E20020AA52 /* Project object */;
}
